Microsoft Visual Studio Solution File, Format Version 12.00
# Visual Studio Version 17
VisualStudioVersion = 17.5.2.0
MinimumVisualStudioVersion = 10.0.40219.1
Project("{FAE04EC0-301F-11D3-BF4B-00C04F79EFBC}") = "Stealthpad", "Stealthpad.csproj", "{1978AC4E-8946-1552-BBA9-6D17AD611ED3}"
EndProject
Global
	GlobalSection(SolutionConfigurationPlatforms) = preSolution
		Debug|Any CPU = Debug|Any CPU
		Release|Any CPU = Release|Any CPU
	EndGlobalSection
	GlobalSection(ProjectConfigurationPlatforms) = postSolution
		{1978AC4E-8946-1552-BBA9-6D17AD611ED3}.Debug|Any CPU.ActiveCfg = Debug|Any CPU
		{1978AC4E-8946-1552-BBA9-6D17AD611ED3}.Debug|Any CPU.Build.0 = Debug|Any CPU
		{1978AC4E-8946-1552-BBA9-6D17AD611ED3}.Release|Any CPU.ActiveCfg = Release|Any CPU
		{1978AC4E-8946-1552-BBA9-6D17AD611ED3}.Release|Any CPU.Build.0 = Release|Any CPU
	EndGlobalSection
	GlobalSection(SolutionProperties) = preSolution
		HideSolutionNode = FALSE
	EndGlobalSection
	GlobalSection(ExtensibilityGlobals) = postSolution
		SolutionGuid = {EFFEE70D-CBA3-4300-A13D-5B48D4AFCDDC}
	EndGlobalSection
EndGlobal
